
Microsoft Visual Studio Solution File, Format Version 12.00
# Visual Studio Version 17
VisualStudioVersion = 17.6.33815.320
MinimumVisualStudioVersion = 10.0.40219.1
Project("{FAE04EC0-301F-11D3-BF4B-00C04F79EFBC}") = "BeeHiveManagmentSystem", "BeeHiveManagmentSystem\BeeHiveManagmentSystem.csproj", "{0658BFFD-942A-41F5-9CDE-0C026CB31EBE}"
EndProject
Global
	GlobalSection(SolutionConfigurationPlatforms) = preSolution
		Debug|Any CPU = Debug|Any CPU
		Release|Any CPU = Release|Any CPU
	EndGlobalSection
	GlobalSection(ProjectConfigurationPlatforms) = postSolution
		{0658BFFD-942A-41F5-9CDE-0C026CB31EBE}.Debug|Any CPU.ActiveCfg = Debug|Any CPU
		{0658BFFD-942A-41F5-9CDE-0C026CB31EBE}.Debug|Any CPU.Build.0 = Debug|Any CPU
		{0658BFFD-942A-41F5-9CDE-0C026CB31EBE}.Release|Any CPU.ActiveCfg = Release|Any CPU
		{0658BFFD-942A-41F5-9CDE-0C026CB31EBE}.Release|Any CPU.Build.0 = Release|Any CPU
	EndGlobalSection
	GlobalSection(SolutionProperties) = preSolution
		HideSolutionNode = FALSE
	EndGlobalSection
	GlobalSection(ExtensibilityGlobals) = postSolution
		SolutionGuid = {7791DA54-1EE6-4AD6-8030-34EB4D8308D4}
	EndGlobalSection
EndGlobal
